
Microsoft Visual Studio Solution File, Format Version 12.00
# Visual Studio Version 16
VisualStudioVersion = 16.0.32802.440
MinimumVisualStudioVersion = 10.0.40219.1
Project("{FAE04EC0-301F-11D3-BF4B-00C04F79EFBC}") = "webgentle.Bookstore", "webgentle.Bookstore\webgentle.Bookstore.csproj", "{E0C6BA23-8A0F-4207-8944-B14E27F3CDBC}"
EndProject
Global
	GlobalSection(SolutionConfigurationPlatforms) = preSolution
		Debug|Any CPU = Debug|Any CPU
		Release|Any CPU = Release|Any CPU
	EndGlobalSection
	GlobalSection(ProjectConfigurationPlatforms) = postSolution
		{E0C6BA23-8A0F-4207-8944-B14E27F3CDBC}.Debug|Any CPU.ActiveCfg = Debug|Any CPU
		{E0C6BA23-8A0F-4207-8944-B14E27F3CDBC}.Debug|Any CPU.Build.0 = Debug|Any CPU
		{E0C6BA23-8A0F-4207-8944-B14E27F3CDBC}.Release|Any CPU.ActiveCfg = Release|Any CPU
		{E0C6BA23-8A0F-4207-8944-B14E27F3CDBC}.Release|Any CPU.Build.0 = Release|Any CPU
	EndGlobalSection
	GlobalSection(SolutionProperties) = preSolution
		HideSolutionNode = FALSE
	EndGlobalSection
	GlobalSection(ExtensibilityGlobals) = postSolution
		SolutionGuid = {5C2675F2-7387-4D17-ADD8-0AE52A66FE70}
	EndGlobalSection
EndGlobal
